
Microsoft Visual Studio Solution File, Format Version 12.00
# Visual Studio Version 17
VisualStudioVersion = 17.0.31903.59
MinimumVisualStudioVersion = 10.0.40219.1
Project("{9A19103F-16F7-4668-BE54-9A1E7A4F7556}") = "BuberDinner.Api", "BuberDinner.Api\BuberDinner.Api.csproj", "{93AD8AB3-61C8-49EA-A5E7-D7548AE40B11}"
EndProject
Project("{9A19103F-16F7-4668-BE54-9A1E7A4F7556}") = "BuberDinner.Application", "BuberDinner.Application\BuberDinner.Application.csproj", "{82A65464-FA4F-442D-9F53-40E4B16B573F}"
EndProject
Project("{9A19103F-16F7-4668-BE54-9A1E7A4F7556}") = "BuberDinner.Contracts", "BuberDinner.Contracts\BuberDinner.Contracts.csproj", "{1D467222-C19C-4C2A-86A0-A392529B2F8F}"
EndProject
Project("{9A19103F-16F7-4668-BE54-9A1E7A4F7556}") = "BuberDinner.Domain", "BuberDinner.Domain\BuberDinner.Domain.csproj", "{A39175DF-B8E8-4672-AF25-90E78E319BAB}"
EndProject
Project("{9A19103F-16F7-4668-BE54-9A1E7A4F7556}") = "BuberDinner.Infrastructure", "BuberDinner.Infrastructure\BuberDinner.Infrastructure.csproj", "{3C2BB669-36A4-43AE-8FCE-62E2AEE5C9C0}"
EndProject
Global
	GlobalSection(SolutionConfigurationPlatforms) = preSolution
		Debug|Any CPU = Debug|Any CPU
		Release|Any CPU = Release|Any CPU
	EndGlobalSection
	GlobalSection(ProjectConfigurationPlatforms) = postSolution
		{93AD8AB3-61C8-49EA-A5E7-D7548AE40B11}.Debug|Any CPU.ActiveCfg = Debug|Any CPU
		{93AD8AB3-61C8-49EA-A5E7-D7548AE40B11}.Debug|Any CPU.Build.0 = Debug|Any CPU
		{93AD8AB3-61C8-49EA-A5E7-D7548AE40B11}.Release|Any CPU.ActiveCfg = Release|Any CPU
		{93AD8AB3-61C8-49EA-A5E7-D7548AE40B11}.Release|Any CPU.Build.0 = Release|Any CPU
		{82A65464-FA4F-442D-9F53-40E4B16B573F}.Debug|Any CPU.ActiveCfg = Debug|Any CPU
		{82A65464-FA4F-442D-9F53-40E4B16B573F}.Debug|Any CPU.Build.0 = Debug|Any CPU
		{82A65464-FA4F-442D-9F53-40E4B16B573F}.Release|Any CPU.ActiveCfg = Release|Any CPU
		{82A65464-FA4F-442D-9F53-40E4B16B573F}.Release|Any CPU.Build.0 = Release|Any CPU
		{1D467222-C19C-4C2A-86A0-A392529B2F8F}.Debug|Any CPU.ActiveCfg = Debug|Any CPU
		{1D467222-C19C-4C2A-86A0-A392529B2F8F}.Debug|Any CPU.Build.0 = Debug|Any CPU
		{1D467222-C19C-4C2A-86A0-A392529B2F8F}.Release|Any CPU.ActiveCfg = Release|Any CPU
		{1D467222-C19C-4C2A-86A0-A392529B2F8F}.Release|Any CPU.Build.0 = Release|Any CPU
		{A39175DF-B8E8-4672-AF25-90E78E319BAB}.Debug|Any CPU.ActiveCfg = Debug|Any CPU
		{A39175DF-B8E8-4672-AF25-90E78E319BAB}.Debug|Any CPU.Build.0 = Debug|Any CPU
		{A39175DF-B8E8-4672-AF25-90E78E319BAB}.Release|Any CPU.ActiveCfg = Release|Any CPU
		{A39175DF-B8E8-4672-AF25-90E78E319BAB}.Release|Any CPU.Build.0 = Release|Any CPU
		{3C2BB669-36A4-43AE-8FCE-62E2AEE5C9C0}.Debug|Any CPU.ActiveCfg = Debug|Any CPU
		{3C2BB669-36A4-43AE-8FCE-62E2AEE5C9C0}.Debug|Any CPU.Build.0 = Debug|Any CPU
		{3C2BB669-36A4-43AE-8FCE-62E2AEE5C9C0}.Release|Any CPU.ActiveCfg = Release|Any CPU
		{3C2BB669-36A4-43AE-8FCE-62E2AEE5C9C0}.Release|Any CPU.Build.0 = Release|Any CPU
	EndGlobalSection
	GlobalSection(SolutionProperties) = preSolution
		HideSolutionNode = FALSE
	EndGlobalSection
	GlobalSection(ExtensibilityGlobals) = postSolution
		SolutionGuid = {6202B0C2-4FB0-4710-99F5-30C4EA3C7031}
	EndGlobalSection
EndGlobal
